
Microsoft Visual Studio Solution File, Format Version 12.00
# Visual Studio Version 16
VisualStudioVersion = 16.0.30621.155
MinimumVisualStudioVersion = 10.0.40219.1
Project("{FAE04EC0-301F-11D3-BF4B-00C04F79EFBC}") = "BetterHI3Launcher", "BetterHI3Launcher.csproj", "{FEB42181-FC9E-4FCD-B931-8F972EAA7110}"
EndProject
Global
	GlobalSection(SolutionConfigurationPlatforms) = preSolution
		Debug|Any CPU = Debug|Any CPU
		Release|Any CPU = Release|Any CPU
	EndGlobalSection
	GlobalSection(ProjectConfigurationPlatforms) = postSolution
		{FEB42181-FC9E-4FCD-B931-8F972EAA7110}.Debug|Any CPU.ActiveCfg = Debug|Any CPU
		{FEB42181-FC9E-4FCD-B931-8F972EAA7110}.Debug|Any CPU.Build.0 = Debug|Any CPU
		{FEB42181-FC9E-4FCD-B931-8F972EAA7110}.Release|Any CPU.ActiveCfg = Release|Any CPU
		{FEB42181-FC9E-4FCD-B931-8F972EAA7110}.Release|Any CPU.Build.0 = Release|Any CPU
	EndGlobalSection
	GlobalSection(SolutionProperties) = preSolution
		HideSolutionNode = FALSE
	EndGlobalSection
	GlobalSection(ExtensibilityGlobals) = postSolution
		SolutionGuid = {86D48662-3623-4111-9F78-2A71A144A0E8}
	EndGlobalSection
EndGlobal
