<Solution>
  <Configurations>
    <Platform Name="x64" />
  </Configurations>
  <Project Path="BetterHI3Launcher.csproj">
    <Platform Project="x64" />
  </Project>
  <Project Path="Hi3Helper.Http/Hi3Helper.Http.Universal.csproj">
    <Platform Project="x64" />
  </Project>
  <Project Path="Hi3Helper.Sophon/Hi3Helper.Sophon.Universal.csproj">
    <Platform Project="x64" />
  </Project>
</Solution>
